
Microsoft Visual Studio Solution File, Format Version 12.00
# Visual Studio Version 17
VisualStudioVersion = 17.6.33723.286
MinimumVisualStudioVersion = 10.0.40219.1
Project("{9A19103F-16F7-4668-BE54-9A1E7A4F7556}") = "ProfidLauncher", "src\ProfidLauncher\ProfidLauncher.csproj", "{4B540794-C1DD-443C-8A32-B93EABE84E31}"
EndProject
Project("{9A19103F-16F7-4668-BE54-9A1E7A4F7556}") = "ProfidLauncher.Tests", "src\ProfidLauncher.Tests\ProfidLauncher.Tests.csproj", "{8EFC04F4-E11B-4AAF-B68E-EC1F97DDBC2C}"
EndProject
Global
	GlobalSection(SolutionConfigurationPlatforms) = preSolution
		Debug|Any CPU = Debug|Any CPU
		Debug|x64 = Debug|x64
		DefaultBuild|Any CPU = DefaultBuild|Any CPU
		DefaultBuild|x64 = DefaultBuild|x64
		Release|Any CPU = Release|Any CPU
		Release|x64 = Release|x64
	EndGlobalSection
	GlobalSection(ProjectConfigurationPlatforms) = postSolution
		{4B540794-C1DD-443C-8A32-B93EABE84E31}.Debug|Any CPU.ActiveCfg = Debug|Any CPU
		{4B540794-C1DD-443C-8A32-B93EABE84E31}.Debug|Any CPU.Build.0 = Debug|Any CPU
		{4B540794-C1DD-443C-8A32-B93EABE84E31}.Debug|x64.ActiveCfg = Debug|x64
		{4B540794-C1DD-443C-8A32-B93EABE84E31}.Debug|x64.Build.0 = Debug|x64
		{4B540794-C1DD-443C-8A32-B93EABE84E31}.DefaultBuild|Any CPU.ActiveCfg = Debug|Any CPU
		{4B540794-C1DD-443C-8A32-B93EABE84E31}.DefaultBuild|Any CPU.Build.0 = Debug|Any CPU
		{4B540794-C1DD-443C-8A32-B93EABE84E31}.DefaultBuild|x64.ActiveCfg = Debug|x64
		{4B540794-C1DD-443C-8A32-B93EABE84E31}.DefaultBuild|x64.Build.0 = Debug|x64
		{4B540794-C1DD-443C-8A32-B93EABE84E31}.Release|Any CPU.ActiveCfg = Release|Any CPU
		{4B540794-C1DD-443C-8A32-B93EABE84E31}.Release|Any CPU.Build.0 = Release|Any CPU
		{4B540794-C1DD-443C-8A32-B93EABE84E31}.Release|x64.ActiveCfg = Release|x64
		{4B540794-C1DD-443C-8A32-B93EABE84E31}.Release|x64.Build.0 = Release|x64
		{8EFC04F4-E11B-4AAF-B68E-EC1F97DDBC2C}.Debug|Any CPU.ActiveCfg = Debug|Any CPU
		{8EFC04F4-E11B-4AAF-B68E-EC1F97DDBC2C}.Debug|Any CPU.Build.0 = Debug|Any CPU
		{8EFC04F4-E11B-4AAF-B68E-EC1F97DDBC2C}.Debug|x64.ActiveCfg = Debug|Any CPU
		{8EFC04F4-E11B-4AAF-B68E-EC1F97DDBC2C}.Debug|x64.Build.0 = Debug|Any CPU
		{8EFC04F4-E11B-4AAF-B68E-EC1F97DDBC2C}.DefaultBuild|Any CPU.ActiveCfg = Debug|Any CPU
		{8EFC04F4-E11B-4AAF-B68E-EC1F97DDBC2C}.DefaultBuild|Any CPU.Build.0 = Debug|Any CPU
		{8EFC04F4-E11B-4AAF-B68E-EC1F97DDBC2C}.DefaultBuild|x64.ActiveCfg = Debug|Any CPU
		{8EFC04F4-E11B-4AAF-B68E-EC1F97DDBC2C}.DefaultBuild|x64.Build.0 = Debug|Any CPU
		{8EFC04F4-E11B-4AAF-B68E-EC1F97DDBC2C}.Release|Any CPU.ActiveCfg = Release|Any CPU
		{8EFC04F4-E11B-4AAF-B68E-EC1F97DDBC2C}.Release|Any CPU.Build.0 = Release|Any CPU
		{8EFC04F4-E11B-4AAF-B68E-EC1F97DDBC2C}.Release|x64.ActiveCfg = Release|Any CPU
		{8EFC04F4-E11B-4AAF-B68E-EC1F97DDBC2C}.Release|x64.Build.0 = Release|Any CPU
		{9BB83503-93EC-41A7-A102-F32ED2F7F3D2}.Debug|Any CPU.ActiveCfg = Debug|Any CPU
		{9BB83503-93EC-41A7-A102-F32ED2F7F3D2}.Debug|Any CPU.Build.0 = Debug|Any CPU
		{9BB83503-93EC-41A7-A102-F32ED2F7F3D2}.Debug|x64.ActiveCfg = Debug|Any CPU
		{9BB83503-93EC-41A7-A102-F32ED2F7F3D2}.Debug|x64.Build.0 = Debug|Any CPU
		{9BB83503-93EC-41A7-A102-F32ED2F7F3D2}.DefaultBuild|Any CPU.ActiveCfg = Debug|Any CPU
		{9BB83503-93EC-41A7-A102-F32ED2F7F3D2}.DefaultBuild|Any CPU.Build.0 = Debug|Any CPU
		{9BB83503-93EC-41A7-A102-F32ED2F7F3D2}.DefaultBuild|x64.ActiveCfg = Debug|Any CPU
		{9BB83503-93EC-41A7-A102-F32ED2F7F3D2}.DefaultBuild|x64.Build.0 = Debug|Any CPU
		{9BB83503-93EC-41A7-A102-F32ED2F7F3D2}.Release|Any CPU.ActiveCfg = Release|Any CPU
		{9BB83503-93EC-41A7-A102-F32ED2F7F3D2}.Release|Any CPU.Build.0 = Release|Any CPU
		{9BB83503-93EC-41A7-A102-F32ED2F7F3D2}.Release|x64.ActiveCfg = Release|Any CPU
		{9BB83503-93EC-41A7-A102-F32ED2F7F3D2}.Release|x64.Build.0 = Release|Any CPU
	EndGlobalSection
	GlobalSection(SolutionProperties) = preSolution
		HideSolutionNode = FALSE
	EndGlobalSection
	GlobalSection(ExtensibilityGlobals) = postSolution
		SolutionGuid = {511E2331-BDB5-479F-8CB2-6273CC733C23}
	EndGlobalSection
EndGlobal
